
Microsoft Visual Studio Solution File, Format Version 12.00
# Visual Studio Version 17
VisualStudioVersion = 17.9.34607.119
MinimumVisualStudioVersion = 10.0.40219.1
Project("{FAE04EC0-301F-11D3-BF4B-00C04F79EFBC}") = "Ödev 1 için Deneme", "Ödev 1 için Deneme\Ödev 1 için Deneme.csproj", "{C1FCF2E1-08CF-42F8-A8CA-C73E426F9DB6}"
EndProject
Global
	GlobalSection(SolutionConfigurationPlatforms) = preSolution
		Debug|Any CPU = Debug|Any CPU
		Release|Any CPU = Release|Any CPU
	EndGlobalSection
	GlobalSection(ProjectConfigurationPlatforms) = postSolution
		{C1FCF2E1-08CF-42F8-A8CA-C73E426F9DB6}.Debug|Any CPU.ActiveCfg = Debug|Any CPU
		{C1FCF2E1-08CF-42F8-A8CA-C73E426F9DB6}.Debug|Any CPU.Build.0 = Debug|Any CPU
		{C1FCF2E1-08CF-42F8-A8CA-C73E426F9DB6}.Release|Any CPU.ActiveCfg = Release|Any CPU
		{C1FCF2E1-08CF-42F8-A8CA-C73E426F9DB6}.Release|Any CPU.Build.0 = Release|Any CPU
	EndGlobalSection
	GlobalSection(SolutionProperties) = preSolution
		HideSolutionNode = FALSE
	EndGlobalSection
	GlobalSection(ExtensibilityGlobals) = postSolution
		SolutionGuid = {2298B239-7427-4692-BBEA-BC1F26CCA6F8}
	EndGlobalSection
EndGlobal
